{
  "meteor": {},
  "dependencies": {
    "basePackages": {
      "iron-router": {},
      "iron-router-progress": {},
      "collection2": {},
      "belt-jade-handlebars": {
        "git": "https://github.com/meteorbelt/belt-jade-handlebars",
        "tag": "v0.1.0"
      },
      "npm": {}
    },
    "packages": {
      "iron-router": {
        "git": "https://github.com/EventedMind/iron-router.git",
        "tag": "v0.6.2",
        "commit": "ce56e58b45624dce992490f3a1c10f10d3948bae"
      },
      "iron-router-progress": {
        "git": "https://github.com/Multiply/iron-router-progress.git",
        "tag": "v0.2.0",
        "commit": "ce730d1d26feadb7c75ea25f22c5bfdb0c549a8b"
      },
      "collection2": {
        "git": "https://github.com/aldeed/meteor-collection2.git",
        "tag": "v0.3.3",
        "commit": "d5c99b1c0fe30778e683175ecb0dd36529e6271e"
      },
      "belt-jade-handlebars": {
        "git": "https://github.com/meteorbelt/belt-jade-handlebars",
        "tag": "v0.1.0",
        "commit": "d1f6189203401b677e22c7ef7d171b33185b5e2e"
      },
      "npm": {
        "git": "https://github.com/arunoda/meteor-npm.git",
        "tag": "v0.2.6",
        "commit": "177ab6118de5bf8cffb19481343d5762ff7a2aaf"
      },
      "simple-schema": {
        "git": "https://github.com/aldeed/meteor-simple-schema.git",
        "tag": "v0.2.29",
        "commit": "dc40caf4eaaeb456e1a4e7e227ad326bcd5607b5"
      }
    }
  }
}
