{
  "meteor": {
    "git": "https://github.com/meteor/meteor.git",
    "tag": "release/blaze-rc1",
    "commit": "1d3a840372a1d1db6e212d38621288b6cc42a1c7"
  },
  "dependencies": {
    "basePackages": {
      "npm": {},
      "moment": {},
      "reactive-ace": {
        "git": "https://github.com/mad-eye/meteor-reactive-ace.git",
        "branch": "master"
      },
      "jade": {},
      "collection2": {},
      "autoform": {
        "git": "https://github.com/aldeed/meteor-autoform.git",
        "branch": "ui"
      },
      "iron-router": {
        "git": "https://github.com/EventedMind/iron-router.git",
        "branch": "blaze-integration"
      },
      "blaze-layout": {
        "git": "https://github.com/EventedMind/blaze-layout.git",
        "branch": "devel"
      },
      "iron-router-progress": {}
    },
    "packages": {
      "npm": {
        "git": "https://github.com/arunoda/meteor-npm.git",
        "tag": "v0.2.6",
        "commit": "177ab6118de5bf8cffb19481343d5762ff7a2aaf"
      },
      "moment": {
        "git": "https://github.com/acreeger/meteor-moment.git",
        "tag": "v2.5.1",
        "commit": "8c9bc5d3fc96705057737cb9743d555417f6e551"
      },
      "reactive-ace": {
        "git": "https://github.com/mad-eye/meteor-reactive-ace.git",
        "branch": "master",
        "commit": "869774ad51fdd130119df8cc03831172cab993f2"
      },
      "jade": {
        "git": "https://github.com/mquandalle/meteor-jade.git",
        "tag": "v0.1.4",
        "commit": "3d80e6119087ee338dd88249cceedbff7996dda9"
      },
      "collection2": {
        "git": "https://github.com/aldeed/meteor-collection2.git",
        "tag": "v0.3.9",
        "commit": "fdda9b5c87e9dcb5cb67087ecb6c9f21352d0cc2"
      },
      "autoform": {
        "git": "https://github.com/aldeed/meteor-autoform.git",
        "branch": "ui",
        "commit": "76be30f8848ce19e08923207f47f650e6166925b"
      },
      "iron-router": {
        "git": "https://github.com/EventedMind/iron-router.git",
        "branch": "blaze-integration",
        "commit": "35ea9b93fff61af9f3a4c01d1c48ede00f176391"
      },
      "blaze-layout": {
        "git": "https://github.com/EventedMind/blaze-layout.git",
        "branch": "devel",
        "commit": "f52f416d6277f27b11832355298553e46b8cc6fd"
      },
      "iron-router-progress": {
        "git": "https://github.com/Multiply/iron-router-progress.git",
        "tag": "v0.2.0",
        "commit": "ce730d1d26feadb7c75ea25f22c5bfdb0c549a8b"
      },
      "simple-schema": {
        "git": "https://github.com/aldeed/meteor-simple-schema.git",
        "tag": "v0.2.41",
        "commit": "c269b4e9ddb642cdc733c1f4190bcb7b28099e01"
      }
    }
  }
}
